
Microsoft Visual Studio Solution File, Format Version 12.00
# Visual Studio Version 17
VisualStudioVersion = 17.2.32630.192
MinimumVisualStudioVersion = 10.0.40219.1
Project("{FAE04EC0-301F-11D3-BF4B-00C04F79EFBC}") = "Exo_Cine", "Exo_Cine\Exo_Cine.csproj", "{18CDAF14-9300-4FA3-8C2A-7275C9A49CD3}"
EndProject
Global
	GlobalSection(SolutionConfigurationPlatforms) = preSolution
		Debug|Any CPU = Debug|Any CPU
		Release|Any CPU = Release|Any CPU
	EndGlobalSection
	GlobalSection(ProjectConfigurationPlatforms) = postSolution
		{18CDAF14-9300-4FA3-8C2A-7275C9A49CD3}.Debug|Any CPU.ActiveCfg = Debug|Any CPU
		{18CDAF14-9300-4FA3-8C2A-7275C9A49CD3}.Debug|Any CPU.Build.0 = Debug|Any CPU
		{18CDAF14-9300-4FA3-8C2A-7275C9A49CD3}.Release|Any CPU.ActiveCfg = Release|Any CPU
		{18CDAF14-9300-4FA3-8C2A-7275C9A49CD3}.Release|Any CPU.Build.0 = Release|Any CPU
	EndGlobalSection
	GlobalSection(SolutionProperties) = preSolution
		HideSolutionNode = FALSE
	EndGlobalSection
	GlobalSection(ExtensibilityGlobals) = postSolution
		SolutionGuid = {0BCF92B8-9488-4257-A9D9-49319377226D}
	EndGlobalSection
EndGlobal
