
Microsoft Visual Studio Solution File, Format Version 12.00
# Visual Studio Version 17
VisualStudioVersion = 17.2.32630.192
MinimumVisualStudioVersion = 10.0.40219.1
Project("{FAE04EC0-301F-11D3-BF4B-00C04F79EFBC}") = "Exo_Rando", "Exo_Rando\Exo_Rando.csproj", "{74B91E86-A235-453D-8374-5DB180561C18}"
EndProject
Global
	GlobalSection(SolutionConfigurationPlatforms) = preSolution
		Debug|Any CPU = Debug|Any CPU
		Release|Any CPU = Release|Any CPU
	EndGlobalSection
	GlobalSection(ProjectConfigurationPlatforms) = postSolution
		{74B91E86-A235-453D-8374-5DB180561C18}.Debug|Any CPU.ActiveCfg = Debug|Any CPU
		{74B91E86-A235-453D-8374-5DB180561C18}.Debug|Any CPU.Build.0 = Debug|Any CPU
		{74B91E86-A235-453D-8374-5DB180561C18}.Release|Any CPU.ActiveCfg = Release|Any CPU
		{74B91E86-A235-453D-8374-5DB180561C18}.Release|Any CPU.Build.0 = Release|Any CPU
	EndGlobalSection
	GlobalSection(SolutionProperties) = preSolution
		HideSolutionNode = FALSE
	EndGlobalSection
	GlobalSection(ExtensibilityGlobals) = postSolution
		SolutionGuid = {2D7C3466-6197-4D5D-AC78-78C4D1EF5470}
	EndGlobalSection
EndGlobal
