
Microsoft Visual Studio Solution File, Format Version 12.00
# Visual Studio Version 17
VisualStudioVersion = 17.2.32630.192
MinimumVisualStudioVersion = 10.0.40219.1
Project("{FAE04EC0-301F-11D3-BF4B-00C04F79EFBC}") = "exo_impure", "exo_impure\exo_impure.csproj", "{BC9F7593-7B4E-4937-9251-87CC03D223FE}"
EndProject
Global
	GlobalSection(SolutionConfigurationPlatforms) = preSolution
		Debug|Any CPU = Debug|Any CPU
		Release|Any CPU = Release|Any CPU
	EndGlobalSection
	GlobalSection(ProjectConfigurationPlatforms) = postSolution
		{BC9F7593-7B4E-4937-9251-87CC03D223FE}.Debug|Any CPU.ActiveCfg = Debug|Any CPU
		{BC9F7593-7B4E-4937-9251-87CC03D223FE}.Debug|Any CPU.Build.0 = Debug|Any CPU
		{BC9F7593-7B4E-4937-9251-87CC03D223FE}.Release|Any CPU.ActiveCfg = Release|Any CPU
		{BC9F7593-7B4E-4937-9251-87CC03D223FE}.Release|Any CPU.Build.0 = Release|Any CPU
	EndGlobalSection
	GlobalSection(SolutionProperties) = preSolution
		HideSolutionNode = FALSE
	EndGlobalSection
	GlobalSection(ExtensibilityGlobals) = postSolution
		SolutionGuid = {AC5C0023-9438-413D-BB4F-29298DA0C34D}
	EndGlobalSection
EndGlobal
