
Microsoft Visual Studio Solution File, Format Version 12.00
# Visual Studio Version 17
VisualStudioVersion = 17.2.32630.192
MinimumVisualStudioVersion = 10.0.40219.1
Project("{FAE04EC0-301F-11D3-BF4B-00C04F79EFBC}") = "Exo_Swapi", "Exo_Swapi\Exo_Swapi.csproj", "{2452E87C-1EC3-4697-9ADB-78B54C532AE3}"
EndProject
Global
	GlobalSection(SolutionConfigurationPlatforms) = preSolution
		Debug|Any CPU = Debug|Any CPU
		Release|Any CPU = Release|Any CPU
	EndGlobalSection
	GlobalSection(ProjectConfigurationPlatforms) = postSolution
		{2452E87C-1EC3-4697-9ADB-78B54C532AE3}.Debug|Any CPU.ActiveCfg = Debug|Any CPU
		{2452E87C-1EC3-4697-9ADB-78B54C532AE3}.Debug|Any CPU.Build.0 = Debug|Any CPU
		{2452E87C-1EC3-4697-9ADB-78B54C532AE3}.Release|Any CPU.ActiveCfg = Release|Any CPU
		{2452E87C-1EC3-4697-9ADB-78B54C532AE3}.Release|Any CPU.Build.0 = Release|Any CPU
	EndGlobalSection
	GlobalSection(SolutionProperties) = preSolution
		HideSolutionNode = FALSE
	EndGlobalSection
	GlobalSection(ExtensibilityGlobals) = postSolution
		SolutionGuid = {AE4F9D73-CC69-4A9F-A57B-420AB2BC7BED}
	EndGlobalSection
EndGlobal
