
Microsoft Visual Studio Solution File, Format Version 12.00
# Visual Studio Version 17
VisualStudioVersion = 17.2.32630.192
MinimumVisualStudioVersion = 10.0.40219.1
Project("{FAE04EC0-301F-11D3-BF4B-00C04F79EFBC}") = "exercice1", "exercice1\exercice1.csproj", "{AB29B9D7-6447-43D5-A910-D24047C7582B}"
EndProject
Global
	GlobalSection(SolutionConfigurationPlatforms) = preSolution
		Debug|Any CPU = Debug|Any CPU
		Release|Any CPU = Release|Any CPU
	EndGlobalSection
	GlobalSection(ProjectConfigurationPlatforms) = postSolution
		{AB29B9D7-6447-43D5-A910-D24047C7582B}.Debug|Any CPU.ActiveCfg = Debug|Any CPU
		{AB29B9D7-6447-43D5-A910-D24047C7582B}.Debug|Any CPU.Build.0 = Debug|Any CPU
		{AB29B9D7-6447-43D5-A910-D24047C7582B}.Release|Any CPU.ActiveCfg = Release|Any CPU
		{AB29B9D7-6447-43D5-A910-D24047C7582B}.Release|Any CPU.Build.0 = Release|Any CPU
	EndGlobalSection
	GlobalSection(SolutionProperties) = preSolution
		HideSolutionNode = FALSE
	EndGlobalSection
	GlobalSection(ExtensibilityGlobals) = postSolution
		SolutionGuid = {082EB77A-B4D4-4CE7-A178-02497CC0CB65}
	EndGlobalSection
EndGlobal
